
Microsoft Visual Studio Solution File, Format Version 12.00
# Visual Studio Version 17
VisualStudioVersion = 17.5.33414.496
MinimumVisualStudioVersion = 10.0.40219.1
Project("{FAE04EC0-301F-11D3-BF4B-00C04F79EFBC}") = "WPFAPP", "WPFAPP\WPFAPP.csproj", "{8C0E24CE-E77E-44B0-8768-7502969D21F9}"
EndProject
Global
	GlobalSection(SolutionConfigurationPlatforms) = preSolution
		Debug|Any CPU = Debug|Any CPU
		Release|Any CPU = Release|Any CPU
	EndGlobalSection
	GlobalSection(ProjectConfigurationPlatforms) = postSolution
		{8C0E24CE-E77E-44B0-8768-7502969D21F9}.Debug|Any CPU.ActiveCfg = Debug|Any CPU
		{8C0E24CE-E77E-44B0-8768-7502969D21F9}.Debug|Any CPU.Build.0 = Debug|Any CPU
		{8C0E24CE-E77E-44B0-8768-7502969D21F9}.Release|Any CPU.ActiveCfg = Release|Any CPU
		{8C0E24CE-E77E-44B0-8768-7502969D21F9}.Release|Any CPU.Build.0 = Release|Any CPU
	EndGlobalSection
	GlobalSection(SolutionProperties) = preSolution
		HideSolutionNode = FALSE
	EndGlobalSection
	GlobalSection(ExtensibilityGlobals) = postSolution
		SolutionGuid = {45A4EF28-37A1-4B39-9348-0458D1BA9D70}
	EndGlobalSection
EndGlobal
